
Microsoft Visual Studio Solution File, Format Version 12.00
Project("{2150E333-8FDC-42A3-9474-1A3956D46DE8}") = "Ex2", "Ex2", "{18CFF9EE-89B9-45BB-A14E-7E761FF55C96}"
EndProject
Project("{FAE04EC0-301F-11D3-BF4B-00C04F79EFBC}") = "Ex2", "Ex2\Ex2.csproj", "{7045EF7B-94EF-4614-9E2B-B70F765758ED}"
EndProject
Project("{2150E333-8FDC-42A3-9474-1A3956D46DE8}") = "Ex3", "Ex3", "{DF03B1B9-689B-48A3-8E42-C3AE88E79608}"
EndProject
Project("{FAE04EC0-301F-11D3-BF4B-00C04F79EFBC}") = "ExCalculadora", "ExCalculadora\ExCalculadora.csproj", "{8B7AEC6B-EE0A-494E-B878-BA61C136B4D3}"
EndProject
Project("{2150E333-8FDC-42A3-9474-1A3956D46DE8}") = "Ex4", "Ex4", "{54947454-D797-4F2B-82B8-291649A9798A}"
EndProject
Project("{FAE04EC0-301F-11D3-BF4B-00C04F79EFBC}") = "Ex4", "Ex4\Ex4.csproj", "{6DBB9409-480E-4826-9062-3CBE465081B8}"
EndProject
Project("{2150E333-8FDC-42A3-9474-1A3956D46DE8}") = "Ex5", "Ex5", "{4941A42D-5E3B-4759-A01F-CC1B9C4241A7}"
EndProject
Project("{FAE04EC0-301F-11D3-BF4B-00C04F79EFBC}") = "Ex5", "Ex5\Ex5.csproj", "{AFD3C1A9-4EC6-4ECF-84A9-C66BF1DDEE61}"
EndProject
Project("{2150E333-8FDC-42A3-9474-1A3956D46DE8}") = "Ex6", "Ex6", "{ADC40410-EFB7-415E-9E01-0F314052E349}"
EndProject
Project("{2150E333-8FDC-42A3-9474-1A3956D46DE8}") = "Ex6", "Ex6", "{814C0210-37C5-470E-BBB9-17B74DC99375}"
EndProject
Project("{FAE04EC0-301F-11D3-BF4B-00C04F79EFBC}") = "Ex6", "Ex6\Ex6.csproj", "{EFB2270A-B286-4F97-9A36-9F8D37D1B66F}"
EndProject
Project("{2150E333-8FDC-42A3-9474-1A3956D46DE8}") = "Ex7", "Ex7", "{F113929D-A1AE-4FCA-8847-8911FF30CD31}"
EndProject
Project("{FAE04EC0-301F-11D3-BF4B-00C04F79EFBC}") = "Ex7", "Ex7\Ex7.csproj", "{C5B95E85-1120-4020-95C5-03BDE3110AFD}"
EndProject
Project("{2150E333-8FDC-42A3-9474-1A3956D46DE8}") = "Ex8", "Ex8", "{C52BDE82-8D0E-418A-AE15-05821DFF5B5C}"
EndProject
Project("{FAE04EC0-301F-11D3-BF4B-00C04F79EFBC}") = "Ex8", "Ex8\Ex8.csproj", "{DFEC96CC-011F-4DBD-BD4C-18EF6866F2D6}"
EndProject
Project("{2150E333-8FDC-42A3-9474-1A3956D46DE8}") = "Ex9", "Ex9", "{68E84433-03BD-417B-BD56-9DBCB04C80D7}"
EndProject
Project("{FAE04EC0-301F-11D3-BF4B-00C04F79EFBC}") = "Ex9", "Ex9\Ex9.csproj", "{C03F1606-F3D0-465A-9E9F-738C3FFCC303}"
EndProject
Project("{2150E333-8FDC-42A3-9474-1A3956D46DE8}") = "Ex9ParteB", "Ex9ParteB", "{8D1FA71B-60D3-4295-B25C-416209C80335}"
EndProject
Project("{FAE04EC0-301F-11D3-BF4B-00C04F79EFBC}") = "Ex9ParteB", "Ex9ParteB\Ex9ParteB.csproj", "{25ADBF2E-183D-4745-B0C9-6B2F6C73CDE2}"
EndProject
Project("{2150E333-8FDC-42A3-9474-1A3956D46DE8}") = "Ex10", "Ex10", "{DD8CF510-5136-410D-8301-666D8BCA8BEC}"
EndProject
Project("{FAE04EC0-301F-11D3-BF4B-00C04F79EFBC}") = "Exer10", "Exer10\Exer10.csproj", "{CEB24669-61CE-43E0-BE97-A9BCABC1333C}"
EndProject
Project("{2150E333-8FDC-42A3-9474-1A3956D46DE8}") = "Ex11", "Ex11", "{6B4D6361-5DAA-4CEA-87BD-E428068C1720}"
EndProject
Project("{FAE04EC0-301F-11D3-BF4B-00C04F79EFBC}") = "Ex11", "Ex11\Ex11.csproj", "{E620294C-FCDC-411F-BA6A-531D57A705A2}"
EndProject
Project("{2150E333-8FDC-42A3-9474-1A3956D46DE8}") = "Ex12", "Ex12", "{3C04C108-4798-40A3-BA4B-80362726A514}"
EndProject
Project("{FAE04EC0-301F-11D3-BF4B-00C04F79EFBC}") = "Ex12", "Ex12\Ex12.csproj", "{6C0CDDE7-1AEC-42D4-8126-E774C9512553}"
EndProject
Global
	GlobalSection(SolutionConfigurationPlatforms) = preSolution
		Debug|Any CPU = Debug|Any CPU
		Release|Any CPU = Release|Any CPU
	EndGlobalSection
	GlobalSection(ProjectConfigurationPlatforms) = postSolution
		{7045EF7B-94EF-4614-9E2B-B70F765758ED}.Debug|Any CPU.ActiveCfg = Debug|Any CPU
		{7045EF7B-94EF-4614-9E2B-B70F765758ED}.Debug|Any CPU.Build.0 = Debug|Any CPU
		{7045EF7B-94EF-4614-9E2B-B70F765758ED}.Release|Any CPU.ActiveCfg = Release|Any CPU
		{7045EF7B-94EF-4614-9E2B-B70F765758ED}.Release|Any CPU.Build.0 = Release|Any CPU
		{8B7AEC6B-EE0A-494E-B878-BA61C136B4D3}.Debug|Any CPU.ActiveCfg = Debug|Any CPU
		{8B7AEC6B-EE0A-494E-B878-BA61C136B4D3}.Debug|Any CPU.Build.0 = Debug|Any CPU
		{8B7AEC6B-EE0A-494E-B878-BA61C136B4D3}.Release|Any CPU.ActiveCfg = Release|Any CPU
		{8B7AEC6B-EE0A-494E-B878-BA61C136B4D3}.Release|Any CPU.Build.0 = Release|Any CPU
		{6DBB9409-480E-4826-9062-3CBE465081B8}.Debug|Any CPU.ActiveCfg = Debug|Any CPU
		{6DBB9409-480E-4826-9062-3CBE465081B8}.Debug|Any CPU.Build.0 = Debug|Any CPU
		{6DBB9409-480E-4826-9062-3CBE465081B8}.Release|Any CPU.ActiveCfg = Release|Any CPU
		{6DBB9409-480E-4826-9062-3CBE465081B8}.Release|Any CPU.Build.0 = Release|Any CPU
		{AFD3C1A9-4EC6-4ECF-84A9-C66BF1DDEE61}.Debug|Any CPU.ActiveCfg = Debug|Any CPU
		{AFD3C1A9-4EC6-4ECF-84A9-C66BF1DDEE61}.Debug|Any CPU.Build.0 = Debug|Any CPU
		{AFD3C1A9-4EC6-4ECF-84A9-C66BF1DDEE61}.Release|Any CPU.ActiveCfg = Release|Any CPU
		{AFD3C1A9-4EC6-4ECF-84A9-C66BF1DDEE61}.Release|Any CPU.Build.0 = Release|Any CPU
		{EFB2270A-B286-4F97-9A36-9F8D37D1B66F}.Debug|Any CPU.ActiveCfg = Debug|Any CPU
		{EFB2270A-B286-4F97-9A36-9F8D37D1B66F}.Debug|Any CPU.Build.0 = Debug|Any CPU
		{EFB2270A-B286-4F97-9A36-9F8D37D1B66F}.Release|Any CPU.ActiveCfg = Release|Any CPU
		{EFB2270A-B286-4F97-9A36-9F8D37D1B66F}.Release|Any CPU.Build.0 = Release|Any CPU
		{C5B95E85-1120-4020-95C5-03BDE3110AFD}.Debug|Any CPU.ActiveCfg = Debug|Any CPU
		{C5B95E85-1120-4020-95C5-03BDE3110AFD}.Debug|Any CPU.Build.0 = Debug|Any CPU
		{C5B95E85-1120-4020-95C5-03BDE3110AFD}.Release|Any CPU.ActiveCfg = Release|Any CPU
		{C5B95E85-1120-4020-95C5-03BDE3110AFD}.Release|Any CPU.Build.0 = Release|Any CPU
		{DFEC96CC-011F-4DBD-BD4C-18EF6866F2D6}.Debug|Any CPU.ActiveCfg = Debug|Any CPU
		{DFEC96CC-011F-4DBD-BD4C-18EF6866F2D6}.Debug|Any CPU.Build.0 = Debug|Any CPU
		{DFEC96CC-011F-4DBD-BD4C-18EF6866F2D6}.Release|Any CPU.ActiveCfg = Release|Any CPU
		{DFEC96CC-011F-4DBD-BD4C-18EF6866F2D6}.Release|Any CPU.Build.0 = Release|Any CPU
		{C03F1606-F3D0-465A-9E9F-738C3FFCC303}.Debug|Any CPU.ActiveCfg = Debug|Any CPU
		{C03F1606-F3D0-465A-9E9F-738C3FFCC303}.Debug|Any CPU.Build.0 = Debug|Any CPU
		{C03F1606-F3D0-465A-9E9F-738C3FFCC303}.Release|Any CPU.ActiveCfg = Release|Any CPU
		{C03F1606-F3D0-465A-9E9F-738C3FFCC303}.Release|Any CPU.Build.0 = Release|Any CPU
		{25ADBF2E-183D-4745-B0C9-6B2F6C73CDE2}.Debug|Any CPU.ActiveCfg = Debug|Any CPU
		{25ADBF2E-183D-4745-B0C9-6B2F6C73CDE2}.Debug|Any CPU.Build.0 = Debug|Any CPU
		{25ADBF2E-183D-4745-B0C9-6B2F6C73CDE2}.Release|Any CPU.ActiveCfg = Release|Any CPU
		{25ADBF2E-183D-4745-B0C9-6B2F6C73CDE2}.Release|Any CPU.Build.0 = Release|Any CPU
		{CEB24669-61CE-43E0-BE97-A9BCABC1333C}.Debug|Any CPU.ActiveCfg = Debug|Any CPU
		{CEB24669-61CE-43E0-BE97-A9BCABC1333C}.Debug|Any CPU.Build.0 = Debug|Any CPU
		{CEB24669-61CE-43E0-BE97-A9BCABC1333C}.Release|Any CPU.ActiveCfg = Release|Any CPU
		{CEB24669-61CE-43E0-BE97-A9BCABC1333C}.Release|Any CPU.Build.0 = Release|Any CPU
		{E620294C-FCDC-411F-BA6A-531D57A705A2}.Debug|Any CPU.ActiveCfg = Debug|Any CPU
		{E620294C-FCDC-411F-BA6A-531D57A705A2}.Debug|Any CPU.Build.0 = Debug|Any CPU
		{E620294C-FCDC-411F-BA6A-531D57A705A2}.Release|Any CPU.ActiveCfg = Release|Any CPU
		{E620294C-FCDC-411F-BA6A-531D57A705A2}.Release|Any CPU.Build.0 = Release|Any CPU
		{6C0CDDE7-1AEC-42D4-8126-E774C9512553}.Debug|Any CPU.ActiveCfg = Debug|Any CPU
		{6C0CDDE7-1AEC-42D4-8126-E774C9512553}.Debug|Any CPU.Build.0 = Debug|Any CPU
		{6C0CDDE7-1AEC-42D4-8126-E774C9512553}.Release|Any CPU.ActiveCfg = Release|Any CPU
		{6C0CDDE7-1AEC-42D4-8126-E774C9512553}.Release|Any CPU.Build.0 = Release|Any CPU
	EndGlobalSection
	GlobalSection(NestedProjects) = preSolution
		{7045EF7B-94EF-4614-9E2B-B70F765758ED} = {18CFF9EE-89B9-45BB-A14E-7E761FF55C96}
		{8B7AEC6B-EE0A-494E-B878-BA61C136B4D3} = {DF03B1B9-689B-48A3-8E42-C3AE88E79608}
		{6DBB9409-480E-4826-9062-3CBE465081B8} = {54947454-D797-4F2B-82B8-291649A9798A}
		{AFD3C1A9-4EC6-4ECF-84A9-C66BF1DDEE61} = {4941A42D-5E3B-4759-A01F-CC1B9C4241A7}
		{814C0210-37C5-470E-BBB9-17B74DC99375} = {ADC40410-EFB7-415E-9E01-0F314052E349}
		{EFB2270A-B286-4F97-9A36-9F8D37D1B66F} = {814C0210-37C5-470E-BBB9-17B74DC99375}
		{C5B95E85-1120-4020-95C5-03BDE3110AFD} = {F113929D-A1AE-4FCA-8847-8911FF30CD31}
		{DFEC96CC-011F-4DBD-BD4C-18EF6866F2D6} = {C52BDE82-8D0E-418A-AE15-05821DFF5B5C}
		{C03F1606-F3D0-465A-9E9F-738C3FFCC303} = {68E84433-03BD-417B-BD56-9DBCB04C80D7}
		{8D1FA71B-60D3-4295-B25C-416209C80335} = {68E84433-03BD-417B-BD56-9DBCB04C80D7}
		{25ADBF2E-183D-4745-B0C9-6B2F6C73CDE2} = {8D1FA71B-60D3-4295-B25C-416209C80335}
		{CEB24669-61CE-43E0-BE97-A9BCABC1333C} = {DD8CF510-5136-410D-8301-666D8BCA8BEC}
		{E620294C-FCDC-411F-BA6A-531D57A705A2} = {6B4D6361-5DAA-4CEA-87BD-E428068C1720}
		{6C0CDDE7-1AEC-42D4-8126-E774C9512553} = {3C04C108-4798-40A3-BA4B-80362726A514}
	EndGlobalSection
EndGlobal
